
Microsoft Visual Studio Solution File, Format Version 12.00
# Visual Studio Version 17
VisualStudioVersion = 17.0.32014.148
MinimumVisualStudioVersion = 10.0.40219.1
Project("{FAE04EC0-301F-11D3-BF4B-00C04F79EFBC}") = "SortLinkedList", "SortLinkedList\SortLinkedList.csproj", "{56D40C2D-91ED-4106-B088-22A8BAC1FAB4}"
EndProject
Global
	GlobalSection(SolutionConfigurationPlatforms) = preSolution
		Debug|Any CPU = Debug|Any CPU
		Release|Any CPU = Release|Any CPU
	EndGlobalSection
	GlobalSection(ProjectConfigurationPlatforms) = postSolution
		{56D40C2D-91ED-4106-B088-22A8BAC1FAB4}.Debug|Any CPU.ActiveCfg = Debug|Any CPU
		{56D40C2D-91ED-4106-B088-22A8BAC1FAB4}.Debug|Any CPU.Build.0 = Debug|Any CPU
		{56D40C2D-91ED-4106-B088-22A8BAC1FAB4}.Release|Any CPU.ActiveCfg = Release|Any CPU
		{56D40C2D-91ED-4106-B088-22A8BAC1FAB4}.Release|Any CPU.Build.0 = Release|Any CPU
	EndGlobalSection
	GlobalSection(SolutionProperties) = preSolution
		HideSolutionNode = FALSE
	EndGlobalSection
	GlobalSection(ExtensibilityGlobals) = postSolution
		SolutionGuid = {458C615B-E5E3-46E8-8A49-4B1DE321C80E}
	EndGlobalSection
EndGlobal
