
Microsoft Visual Studio Solution File, Format Version 12.00
# Visual Studio Version 17
VisualStudioVersion = 17.0.32014.148
MinimumVisualStudioVersion = 10.0.40219.1
Project("{FAE04EC0-301F-11D3-BF4B-00C04F79EFBC}") = "BubbleSort", "BubbleSort\BubbleSort.csproj", "{DB23DB9B-896B-4FD7-B63D-3E01AEBD2071}"
EndProject
Global
	GlobalSection(SolutionConfigurationPlatforms) = preSolution
		Debug|Any CPU = Debug|Any CPU
		Release|Any CPU = Release|Any CPU
	EndGlobalSection
	GlobalSection(ProjectConfigurationPlatforms) = postSolution
		{DB23DB9B-896B-4FD7-B63D-3E01AEBD2071}.Debug|Any CPU.ActiveCfg = Debug|Any CPU
		{DB23DB9B-896B-4FD7-B63D-3E01AEBD2071}.Debug|Any CPU.Build.0 = Debug|Any CPU
		{DB23DB9B-896B-4FD7-B63D-3E01AEBD2071}.Release|Any CPU.ActiveCfg = Release|Any CPU
		{DB23DB9B-896B-4FD7-B63D-3E01AEBD2071}.Release|Any CPU.Build.0 = Release|Any CPU
	EndGlobalSection
	GlobalSection(SolutionProperties) = preSolution
		HideSolutionNode = FALSE
	EndGlobalSection
	GlobalSection(ExtensibilityGlobals) = postSolution
		SolutionGuid = {EC302630-DEA0-4089-AB95-A7C97FFBD832}
	EndGlobalSection
EndGlobal
