
Microsoft Visual Studio Solution File, Format Version 12.00
# Visual Studio Version 17
VisualStudioVersion = 17.0.32014.148
MinimumVisualStudioVersion = 10.0.40219.1
Project("{FAE04EC0-301F-11D3-BF4B-00C04F79EFBC}") = "BfsGraph", "BfsGraph\BfsGraph.csproj", "{A7023DED-582C-4B28-863C-A1AC46AD7CFA}"
EndProject
Global
	GlobalSection(SolutionConfigurationPlatforms) = preSolution
		Debug|Any CPU = Debug|Any CPU
		Release|Any CPU = Release|Any CPU
	EndGlobalSection
	GlobalSection(ProjectConfigurationPlatforms) = postSolution
		{A7023DED-582C-4B28-863C-A1AC46AD7CFA}.Debug|Any CPU.ActiveCfg = Debug|Any CPU
		{A7023DED-582C-4B28-863C-A1AC46AD7CFA}.Debug|Any CPU.Build.0 = Debug|Any CPU
		{A7023DED-582C-4B28-863C-A1AC46AD7CFA}.Release|Any CPU.ActiveCfg = Release|Any CPU
		{A7023DED-582C-4B28-863C-A1AC46AD7CFA}.Release|Any CPU.Build.0 = Release|Any CPU
	EndGlobalSection
	GlobalSection(SolutionProperties) = preSolution
		HideSolutionNode = FALSE
	EndGlobalSection
	GlobalSection(ExtensibilityGlobals) = postSolution
		SolutionGuid = {6AAF0ACB-D080-4D06-B2C1-8C3DA8AE650C}
	EndGlobalSection
EndGlobal
