
Microsoft Visual Studio Solution File, Format Version 12.00
# Visual Studio Version 17
VisualStudioVersion = 17.0.32014.148
MinimumVisualStudioVersion = 10.0.40219.1
Project("{FAE04EC0-301F-11D3-BF4B-00C04F79EFBC}") = "BubbleSort_Selction_Sort_On_LinkedList", "BubbleSort_Selction_Sort_On_LinkedList\BubbleSort_Selction_Sort_On_LinkedList.csproj", "{ACF0F718-0EC3-45D0-A3C1-F44B62A9FB95}"
EndProject
Global
	GlobalSection(SolutionConfigurationPlatforms) = preSolution
		Debug|Any CPU = Debug|Any CPU
		Release|Any CPU = Release|Any CPU
	EndGlobalSection
	GlobalSection(ProjectConfigurationPlatforms) = postSolution
		{ACF0F718-0EC3-45D0-A3C1-F44B62A9FB95}.Debug|Any CPU.ActiveCfg = Debug|Any CPU
		{ACF0F718-0EC3-45D0-A3C1-F44B62A9FB95}.Debug|Any CPU.Build.0 = Debug|Any CPU
		{ACF0F718-0EC3-45D0-A3C1-F44B62A9FB95}.Release|Any CPU.ActiveCfg = Release|Any CPU
		{ACF0F718-0EC3-45D0-A3C1-F44B62A9FB95}.Release|Any CPU.Build.0 = Release|Any CPU
	EndGlobalSection
	GlobalSection(SolutionProperties) = preSolution
		HideSolutionNode = FALSE
	EndGlobalSection
	GlobalSection(ExtensibilityGlobals) = postSolution
		SolutionGuid = {A9385AAC-F4AD-4894-84E6-6F64CA9EDEC4}
	EndGlobalSection
EndGlobal
