
Microsoft Visual Studio Solution File, Format Version 12.00
# Visual Studio Version 17
VisualStudioVersion = 17.0.32014.148
MinimumVisualStudioVersion = 10.0.40219.1
Project("{FAE04EC0-301F-11D3-BF4B-00C04F79EFBC}") = "Search-insert-position", "Search-insert-position\Search-insert-position.csproj", "{700874DF-DC1F-44D4-974B-4B6B3A0AA298}"
EndProject
Global
	GlobalSection(SolutionConfigurationPlatforms) = preSolution
		Debug|Any CPU = Debug|Any CPU
		Release|Any CPU = Release|Any CPU
	EndGlobalSection
	GlobalSection(ProjectConfigurationPlatforms) = postSolution
		{700874DF-DC1F-44D4-974B-4B6B3A0AA298}.Debug|Any CPU.ActiveCfg = Debug|Any CPU
		{700874DF-DC1F-44D4-974B-4B6B3A0AA298}.Debug|Any CPU.Build.0 = Debug|Any CPU
		{700874DF-DC1F-44D4-974B-4B6B3A0AA298}.Release|Any CPU.ActiveCfg = Release|Any CPU
		{700874DF-DC1F-44D4-974B-4B6B3A0AA298}.Release|Any CPU.Build.0 = Release|Any CPU
	EndGlobalSection
	GlobalSection(SolutionProperties) = preSolution
		HideSolutionNode = FALSE
	EndGlobalSection
	GlobalSection(ExtensibilityGlobals) = postSolution
		SolutionGuid = {3DA63452-EDBF-44B5-8A4A-F677BD98C95C}
	EndGlobalSection
EndGlobal
