
Microsoft Visual Studio Solution File, Format Version 12.00
# Visual Studio Version 17
VisualStudioVersion = 17.0.32014.148
MinimumVisualStudioVersion = 10.0.40219.1
Project("{FAE04EC0-301F-11D3-BF4B-00C04F79EFBC}") = "RemoveNthNodeFromEndOfList", "RemoveNthNodeFromEndOfList\RemoveNthNodeFromEndOfList.csproj", "{86EC002A-37B8-406D-9FB6-209DF4A18805}"
EndProject
Global
	GlobalSection(SolutionConfigurationPlatforms) = preSolution
		Debug|Any CPU = Debug|Any CPU
		Release|Any CPU = Release|Any CPU
	EndGlobalSection
	GlobalSection(ProjectConfigurationPlatforms) = postSolution
		{86EC002A-37B8-406D-9FB6-209DF4A18805}.Debug|Any CPU.ActiveCfg = Debug|Any CPU
		{86EC002A-37B8-406D-9FB6-209DF4A18805}.Debug|Any CPU.Build.0 = Debug|Any CPU
		{86EC002A-37B8-406D-9FB6-209DF4A18805}.Release|Any CPU.ActiveCfg = Release|Any CPU
		{86EC002A-37B8-406D-9FB6-209DF4A18805}.Release|Any CPU.Build.0 = Release|Any CPU
	EndGlobalSection
	GlobalSection(SolutionProperties) = preSolution
		HideSolutionNode = FALSE
	EndGlobalSection
	GlobalSection(ExtensibilityGlobals) = postSolution
		SolutionGuid = {BF7D6E79-6649-4984-A1FF-BFFBE7309F36}
	EndGlobalSection
EndGlobal
