
Microsoft Visual Studio Solution File, Format Version 12.00
# Visual Studio Version 17
VisualStudioVersion = 17.0.32014.148
MinimumVisualStudioVersion = 10.0.40219.1
Project("{FAE04EC0-301F-11D3-BF4B-00C04F79EFBC}") = "BinarySearchWithLinkedList", "BinarySearchWithLinkedList\BinarySearchWithLinkedList.csproj", "{4E001FE2-E4CB-402F-9BB9-FC36ED1E718E}"
EndProject
Global
	GlobalSection(SolutionConfigurationPlatforms) = preSolution
		Debug|Any CPU = Debug|Any CPU
		Release|Any CPU = Release|Any CPU
	EndGlobalSection
	GlobalSection(ProjectConfigurationPlatforms) = postSolution
		{4E001FE2-E4CB-402F-9BB9-FC36ED1E718E}.Debug|Any CPU.ActiveCfg = Debug|Any CPU
		{4E001FE2-E4CB-402F-9BB9-FC36ED1E718E}.Debug|Any CPU.Build.0 = Debug|Any CPU
		{4E001FE2-E4CB-402F-9BB9-FC36ED1E718E}.Release|Any CPU.ActiveCfg = Release|Any CPU
		{4E001FE2-E4CB-402F-9BB9-FC36ED1E718E}.Release|Any CPU.Build.0 = Release|Any CPU
	EndGlobalSection
	GlobalSection(SolutionProperties) = preSolution
		HideSolutionNode = FALSE
	EndGlobalSection
	GlobalSection(ExtensibilityGlobals) = postSolution
		SolutionGuid = {E5CE98B4-88D0-4949-975D-E85CFBDD6F99}
	EndGlobalSection
EndGlobal
