
Microsoft Visual Studio Solution File, Format Version 12.00
# Visual Studio Version 17
VisualStudioVersion = 17.0.32014.148
MinimumVisualStudioVersion = 10.0.40219.1
Project("{FAE04EC0-301F-11D3-BF4B-00C04F79EFBC}") = "Queue", "Queue\Queue.csproj", "{337504E6-88E1-44CC-83AA-A32E70EB15BF}"
EndProject
Global
	GlobalSection(SolutionConfigurationPlatforms) = preSolution
		Debug|Any CPU = Debug|Any CPU
		Release|Any CPU = Release|Any CPU
	EndGlobalSection
	GlobalSection(ProjectConfigurationPlatforms) = postSolution
		{337504E6-88E1-44CC-83AA-A32E70EB15BF}.Debug|Any CPU.ActiveCfg = Debug|Any CPU
		{337504E6-88E1-44CC-83AA-A32E70EB15BF}.Debug|Any CPU.Build.0 = Debug|Any CPU
		{337504E6-88E1-44CC-83AA-A32E70EB15BF}.Release|Any CPU.ActiveCfg = Release|Any CPU
		{337504E6-88E1-44CC-83AA-A32E70EB15BF}.Release|Any CPU.Build.0 = Release|Any CPU
	EndGlobalSection
	GlobalSection(SolutionProperties) = preSolution
		HideSolutionNode = FALSE
	EndGlobalSection
	GlobalSection(ExtensibilityGlobals) = postSolution
		SolutionGuid = {EC672F4B-867B-40EB-AB4D-17DE69A788ED}
	EndGlobalSection
EndGlobal
