
Microsoft Visual Studio Solution File, Format Version 12.00
# Visual Studio Version 17
VisualStudioVersion = 17.0.32014.148
MinimumVisualStudioVersion = 10.0.40219.1
Project("{FAE04EC0-301F-11D3-BF4B-00C04F79EFBC}") = "CircularQueue", "CircularQueue\CircularQueue.csproj", "{B091E00A-9A3E-483C-8718-6B8DDA71D61F}"
EndProject
Global
	GlobalSection(SolutionConfigurationPlatforms) = preSolution
		Debug|Any CPU = Debug|Any CPU
		Release|Any CPU = Release|Any CPU
	EndGlobalSection
	GlobalSection(ProjectConfigurationPlatforms) = postSolution
		{B091E00A-9A3E-483C-8718-6B8DDA71D61F}.Debug|Any CPU.ActiveCfg = Debug|Any CPU
		{B091E00A-9A3E-483C-8718-6B8DDA71D61F}.Debug|Any CPU.Build.0 = Debug|Any CPU
		{B091E00A-9A3E-483C-8718-6B8DDA71D61F}.Release|Any CPU.ActiveCfg = Release|Any CPU
		{B091E00A-9A3E-483C-8718-6B8DDA71D61F}.Release|Any CPU.Build.0 = Release|Any CPU
	EndGlobalSection
	GlobalSection(SolutionProperties) = preSolution
		HideSolutionNode = FALSE
	EndGlobalSection
	GlobalSection(ExtensibilityGlobals) = postSolution
		SolutionGuid = {ABF3E9CD-33A9-49AA-937A-662234B02C83}
	EndGlobalSection
EndGlobal
