
Microsoft Visual Studio Solution File, Format Version 12.00
# Visual Studio Version 17
VisualStudioVersion = 17.0.32014.148
MinimumVisualStudioVersion = 10.0.40219.1
Project("{FAE04EC0-301F-11D3-BF4B-00C04F79EFBC}") = "PriorityQueue", "PriorityQueue\PriorityQueue.csproj", "{CA4023AC-A12C-49E1-9442-54BBF88E3763}"
EndProject
Global
	GlobalSection(SolutionConfigurationPlatforms) = preSolution
		Debug|Any CPU = Debug|Any CPU
		Release|Any CPU = Release|Any CPU
	EndGlobalSection
	GlobalSection(ProjectConfigurationPlatforms) = postSolution
		{CA4023AC-A12C-49E1-9442-54BBF88E3763}.Debug|Any CPU.ActiveCfg = Debug|Any CPU
		{CA4023AC-A12C-49E1-9442-54BBF88E3763}.Debug|Any CPU.Build.0 = Debug|Any CPU
		{CA4023AC-A12C-49E1-9442-54BBF88E3763}.Release|Any CPU.ActiveCfg = Release|Any CPU
		{CA4023AC-A12C-49E1-9442-54BBF88E3763}.Release|Any CPU.Build.0 = Release|Any CPU
	EndGlobalSection
	GlobalSection(SolutionProperties) = preSolution
		HideSolutionNode = FALSE
	EndGlobalSection
	GlobalSection(ExtensibilityGlobals) = postSolution
		SolutionGuid = {0EEBAE2D-93A8-4412-A521-56A5E555A2BC}
	EndGlobalSection
EndGlobal
